
Microsoft Visual Studio Solution File, Format Version 12.00
# Visual Studio Version 17
VisualStudioVersion = 17.11.35327.3
MinimumVisualStudioVersion = 10.0.40219.1
Project("{FAE04EC0-301F-11D3-BF4B-00C04F79EFBC}") = "CloneGitHub", "CloneGitHub\CloneGitHub.csproj", "{ABEED4E0-8483-47D1-A01A-5F9487D90C33}"
EndProject
Project("{FAE04EC0-301F-11D3-BF4B-00C04F79EFBC}") = "CloneGitHub.DAL", "CloneGitHub.DAL\CloneGitHub.DAL.csproj", "{4A83659C-7743-412F-A095-C76C5066FA3E}"
EndProject
Global
	GlobalSection(SolutionConfigurationPlatforms) = preSolution
		Debug|Any CPU = Debug|Any CPU
		Release|Any CPU = Release|Any CPU
	EndGlobalSection
	GlobalSection(ProjectConfigurationPlatforms) = postSolution
		{ABEED4E0-8483-47D1-A01A-5F9487D90C33}.Debug|Any CPU.ActiveCfg = Debug|Any CPU
		{ABEED4E0-8483-47D1-A01A-5F9487D90C33}.Debug|Any CPU.Build.0 = Debug|Any CPU
		{ABEED4E0-8483-47D1-A01A-5F9487D90C33}.Release|Any CPU.ActiveCfg = Release|Any CPU
		{ABEED4E0-8483-47D1-A01A-5F9487D90C33}.Release|Any CPU.Build.0 = Release|Any CPU
		{4A83659C-7743-412F-A095-C76C5066FA3E}.Debug|Any CPU.ActiveCfg = Debug|Any CPU
		{4A83659C-7743-412F-A095-C76C5066FA3E}.Debug|Any CPU.Build.0 = Debug|Any CPU
		{4A83659C-7743-412F-A095-C76C5066FA3E}.Release|Any CPU.ActiveCfg = Release|Any CPU
		{4A83659C-7743-412F-A095-C76C5066FA3E}.Release|Any CPU.Build.0 = Release|Any CPU
	EndGlobalSection
	GlobalSection(SolutionProperties) = preSolution
		HideSolutionNode = FALSE
	EndGlobalSection
	GlobalSection(ExtensibilityGlobals) = postSolution
		SolutionGuid = {46766177-2DA4-4BBC-B92B-2B8864ECF967}
	EndGlobalSection
EndGlobal
